
Microsoft Visual Studio Solution File, Format Version 12.00
# Visual Studio 2013
VisualStudioVersion = 12.0.21005.1
MinimumVisualStudioVersion = 10.0.40219.1
Project("{FAE04EC0-301F-11D3-BF4B-00C04F79EFBC}") = "QUIEN_LO_HACE", "QUIEN_LO_HACE\QUIEN_LO_HACE.csproj", "{BE2FEEBE-99A4-4C1C-A8C0-0FE5C7AA062B}"
EndProject
Project("{FAE04EC0-301F-11D3-BF4B-00C04F79EFBC}") = "BLL", "BLL\BLL.csproj", "{0B127008-FD13-4744-A541-CB3D127C2388}"
EndProject
Project("{FAE04EC0-301F-11D3-BF4B-00C04F79EFBC}") = "DAL", "DAL\DAL.csproj", "{CDD33DBD-0BA0-46C8-998C-7D84F96A311F}"
EndProject
Global
	GlobalSection(SolutionConfigurationPlatforms) = preSolution
		Debug|Any CPU = Debug|Any CPU
		Release|Any CPU = Release|Any CPU
	EndGlobalSection
	GlobalSection(ProjectConfigurationPlatforms) = postSolution
		{BE2FEEBE-99A4-4C1C-A8C0-0FE5C7AA062B}.Debug|Any CPU.ActiveCfg = Debug|Any CPU
		{BE2FEEBE-99A4-4C1C-A8C0-0FE5C7AA062B}.Debug|Any CPU.Build.0 = Debug|Any CPU
		{BE2FEEBE-99A4-4C1C-A8C0-0FE5C7AA062B}.Release|Any CPU.ActiveCfg = Release|Any CPU
		{BE2FEEBE-99A4-4C1C-A8C0-0FE5C7AA062B}.Release|Any CPU.Build.0 = Release|Any CPU
		{0B127008-FD13-4744-A541-CB3D127C2388}.Debug|Any CPU.ActiveCfg = Debug|Any CPU
		{0B127008-FD13-4744-A541-CB3D127C2388}.Debug|Any CPU.Build.0 = Debug|Any CPU
		{0B127008-FD13-4744-A541-CB3D127C2388}.Release|Any CPU.ActiveCfg = Release|Any CPU
		{0B127008-FD13-4744-A541-CB3D127C2388}.Release|Any CPU.Build.0 = Release|Any CPU
		{CDD33DBD-0BA0-46C8-998C-7D84F96A311F}.Debug|Any CPU.ActiveCfg = Debug|Any CPU
		{CDD33DBD-0BA0-46C8-998C-7D84F96A311F}.Debug|Any CPU.Build.0 = Debug|Any CPU
		{CDD33DBD-0BA0-46C8-998C-7D84F96A311F}.Release|Any CPU.ActiveCfg = Release|Any CPU
		{CDD33DBD-0BA0-46C8-998C-7D84F96A311F}.Release|Any CPU.Build.0 = Release|Any CPU
	EndGlobalSection
	GlobalSection(SolutionProperties) = preSolution
		HideSolutionNode = FALSE
	EndGlobalSection
EndGlobal
